
Microsoft Visual Studio Solution File, Format Version 12.00
# Visual Studio 14
VisualStudioVersion = 14.0.25420.1
MinimumVisualStudioVersion = 10.0.40219.1
Project("{8BC9CEB8-8B4A-11D0-8D11-00A0C91BC942}") = "sinstar3_ime", "sinstar3_ime\sinstar3_ime.vcxproj", "{9CD9D0D2-9A72-4EBB-A459-8229E224B02C}"
EndProject
Project("{8BC9CEB8-8B4A-11D0-8D11-00A0C91BC942}") = "sinstar3_tsf", "sinstar3_tsf\sinstar3_tsf.vcxproj", "{4893E464-3664-442B-8BFB-6D13679EAB23}"
EndProject
Project("{8BC9CEB8-8B4A-11D0-8D11-00A0C91BC942}") = "sinstar3_core", "sinstar3_core\sinstar3_core.vcxproj", "{BDAF647A-8421-43D7-B43E-7618BE211BFA}"
EndProject
Project("{8BC9CEB8-8B4A-11D0-8D11-00A0C91BC942}") = "soui64", "..\soui\SOUI\soui64.vcxproj", "{030306B7-AD44-34A2-86C5-2C312C255E4E}"
EndProject
Global
	GlobalSection(SolutionConfigurationPlatforms) = preSolution
		Debug|Mixed Platforms = Debug|Mixed Platforms
		Debug|Win32 = Debug|Win32
		Debug|x64 = Debug|x64
		Release|Mixed Platforms = Release|Mixed Platforms
		Release|Win32 = Release|Win32
		Release|x64 = Release|x64
	EndGlobalSection
	GlobalSection(ProjectConfigurationPlatforms) = postSolution
		{9CD9D0D2-9A72-4EBB-A459-8229E224B02C}.Debug|Mixed Platforms.ActiveCfg = Debug|x64
		{9CD9D0D2-9A72-4EBB-A459-8229E224B02C}.Debug|Mixed Platforms.Build.0 = Debug|x64
		{9CD9D0D2-9A72-4EBB-A459-8229E224B02C}.Debug|Win32.ActiveCfg = Debug|Win32
		{9CD9D0D2-9A72-4EBB-A459-8229E224B02C}.Debug|Win32.Build.0 = Debug|Win32
		{9CD9D0D2-9A72-4EBB-A459-8229E224B02C}.Debug|x64.ActiveCfg = Debug|x64
		{9CD9D0D2-9A72-4EBB-A459-8229E224B02C}.Debug|x64.Build.0 = Debug|x64
		{9CD9D0D2-9A72-4EBB-A459-8229E224B02C}.Release|Mixed Platforms.ActiveCfg = Release|x64
		{9CD9D0D2-9A72-4EBB-A459-8229E224B02C}.Release|Mixed Platforms.Build.0 = Release|x64
		{9CD9D0D2-9A72-4EBB-A459-8229E224B02C}.Release|Win32.ActiveCfg = Release|Win32
		{9CD9D0D2-9A72-4EBB-A459-8229E224B02C}.Release|Win32.Build.0 = Release|Win32
		{9CD9D0D2-9A72-4EBB-A459-8229E224B02C}.Release|x64.ActiveCfg = Release|x64
		{9CD9D0D2-9A72-4EBB-A459-8229E224B02C}.Release|x64.Build.0 = Release|x64
		{4893E464-3664-442B-8BFB-6D13679EAB23}.Debug|Mixed Platforms.ActiveCfg = Debug|x64
		{4893E464-3664-442B-8BFB-6D13679EAB23}.Debug|Mixed Platforms.Build.0 = Debug|x64
		{4893E464-3664-442B-8BFB-6D13679EAB23}.Debug|Win32.ActiveCfg = Debug|Win32
		{4893E464-3664-442B-8BFB-6D13679EAB23}.Debug|Win32.Build.0 = Debug|Win32
		{4893E464-3664-442B-8BFB-6D13679EAB23}.Debug|x64.ActiveCfg = Debug|x64
		{4893E464-3664-442B-8BFB-6D13679EAB23}.Debug|x64.Build.0 = Debug|x64
		{4893E464-3664-442B-8BFB-6D13679EAB23}.Release|Mixed Platforms.ActiveCfg = Release|x64
		{4893E464-3664-442B-8BFB-6D13679EAB23}.Release|Mixed Platforms.Build.0 = Release|x64
		{4893E464-3664-442B-8BFB-6D13679EAB23}.Release|Win32.ActiveCfg = Release|Win32
		{4893E464-3664-442B-8BFB-6D13679EAB23}.Release|Win32.Build.0 = Release|Win32
		{4893E464-3664-442B-8BFB-6D13679EAB23}.Release|x64.ActiveCfg = Release|x64
		{4893E464-3664-442B-8BFB-6D13679EAB23}.Release|x64.Build.0 = Release|x64
		{BDAF647A-8421-43D7-B43E-7618BE211BFA}.Debug|Mixed Platforms.ActiveCfg = Debug|x64
		{BDAF647A-8421-43D7-B43E-7618BE211BFA}.Debug|Mixed Platforms.Build.0 = Debug|x64
		{BDAF647A-8421-43D7-B43E-7618BE211BFA}.Debug|Win32.ActiveCfg = Debug|Win32
		{BDAF647A-8421-43D7-B43E-7618BE211BFA}.Debug|Win32.Build.0 = Debug|Win32
		{BDAF647A-8421-43D7-B43E-7618BE211BFA}.Debug|x64.ActiveCfg = Debug|x64
		{BDAF647A-8421-43D7-B43E-7618BE211BFA}.Debug|x64.Build.0 = Debug|x64
		{BDAF647A-8421-43D7-B43E-7618BE211BFA}.Release|Mixed Platforms.ActiveCfg = Release|x64
		{BDAF647A-8421-43D7-B43E-7618BE211BFA}.Release|Mixed Platforms.Build.0 = Release|x64
		{BDAF647A-8421-43D7-B43E-7618BE211BFA}.Release|Win32.ActiveCfg = Release|Win32
		{BDAF647A-8421-43D7-B43E-7618BE211BFA}.Release|Win32.Build.0 = Release|Win32
		{BDAF647A-8421-43D7-B43E-7618BE211BFA}.Release|x64.ActiveCfg = Release|x64
		{BDAF647A-8421-43D7-B43E-7618BE211BFA}.Release|x64.Build.0 = Release|x64
		{030306B7-AD44-34A2-86C5-2C312C255E4E}.Debug|Mixed Platforms.ActiveCfg = Debug|x64
		{030306B7-AD44-34A2-86C5-2C312C255E4E}.Debug|Mixed Platforms.Build.0 = Debug|x64
		{030306B7-AD44-34A2-86C5-2C312C255E4E}.Debug|Win32.ActiveCfg = Debug|x64
		{030306B7-AD44-34A2-86C5-2C312C255E4E}.Debug|x64.ActiveCfg = Debug|x64
		{030306B7-AD44-34A2-86C5-2C312C255E4E}.Debug|x64.Build.0 = Debug|x64
		{030306B7-AD44-34A2-86C5-2C312C255E4E}.Release|Mixed Platforms.ActiveCfg = Release|x64
		{030306B7-AD44-34A2-86C5-2C312C255E4E}.Release|Mixed Platforms.Build.0 = Release|x64
		{030306B7-AD44-34A2-86C5-2C312C255E4E}.Release|Win32.ActiveCfg = Release|x64
		{030306B7-AD44-34A2-86C5-2C312C255E4E}.Release|x64.ActiveCfg = Release|x64
		{030306B7-AD44-34A2-86C5-2C312C255E4E}.Release|x64.Build.0 = Release|x64
	EndGlobalSection
	GlobalSection(SolutionProperties) = preSolution
		HideSolutionNode = FALSE
	EndGlobalSection
EndGlobal
