
Microsoft Visual Studio Solution File, Format Version 10.00
# Visual Studio 2008
Project("{8BC9CEB8-8B4A-11D0-8D11-00A0C91BC942}") = "sinstar3_ime", "sinstar3_ime\sinstar3_ime.vcproj", "{9CD9D0D2-9A72-4EBB-A459-8229E224B02C}"
	ProjectSection(ProjectDependencies) = postProject
		{72550488-BEC8-46F2-8F31-6C4D3DF1A749} = {72550488-BEC8-46F2-8F31-6C4D3DF1A749}
		{D7C36CC4-0AFC-345A-9D5E-FA92A01E9946} = {D7C36CC4-0AFC-345A-9D5E-FA92A01E9946}
	EndProjectSection
EndProject
Project("{8BC9CEB8-8B4A-11D0-8D11-00A0C91BC942}") = "sinstar3_tsf", "sinstar3_tsf\sinstar3_tsf.vcproj", "{4893E464-3664-442B-8BFB-6D13679EAB23}"
	ProjectSection(ProjectDependencies) = postProject
		{72550488-BEC8-46F2-8F31-6C4D3DF1A749} = {72550488-BEC8-46F2-8F31-6C4D3DF1A749}
		{D7C36CC4-0AFC-345A-9D5E-FA92A01E9946} = {D7C36CC4-0AFC-345A-9D5E-FA92A01E9946}
	EndProjectSection
EndProject
Project("{8BC9CEB8-8B4A-11D0-8D11-00A0C91BC942}") = "register", "register\register.vcproj", "{864AB83B-8697-4D7A-A956-269609D9D1CC}"
EndProject
Project("{8BC9CEB8-8B4A-11D0-8D11-00A0C91BC942}") = "helper", "helper\helper.vcproj", "{223D1DB1-C67B-4B54-BEE8-B60F24D7E8CE}"
EndProject
Project("{8BC9CEB8-8B4A-11D0-8D11-00A0C91BC942}") = "iscomm", "iscomm\iscomm.vcproj", "{A69CA2FD-05D2-4C27-B106-B2EF0BFCFA51}"
EndProject
Project("{8BC9CEB8-8B4A-11D0-8D11-00A0C91BC942}") = "CompBuilder", "CompBuilder\CompBuilder.vcproj", "{13C135A7-8B18-4746-8495-672D8F286B92}"
EndProject
Project("{8BC9CEB8-8B4A-11D0-8D11-00A0C91BC942}") = "FindCaller", "FindCaller\FindCaller.vcproj", "{57D17CAC-20CB-4F1A-8408-BB0181AF1695}"
EndProject
Project("{8BC9CEB8-8B4A-11D0-8D11-00A0C91BC942}") = "FindCallerUI", "FindCallerUI\FindCallerUI.vcproj", "{49C492B3-B2D6-4048-BFB1-AB89D334C42E}"
EndProject
Project("{8BC9CEB8-8B4A-11D0-8D11-00A0C91BC942}") = "isserver3", "isserver3\isserver3.vcproj", "{C63875CC-075E-49A9-8D9C-2F263D67FBAA}"
	ProjectSection(ProjectDependencies) = postProject
		{223D1DB1-C67B-4B54-BEE8-B60F24D7E8CE} = {223D1DB1-C67B-4B54-BEE8-B60F24D7E8CE}
		{D7C36CC4-0AFC-345A-9D5E-FA92A01E9946} = {D7C36CC4-0AFC-345A-9D5E-FA92A01E9946}
	EndProjectSection
EndProject
Project("{8BC9CEB8-8B4A-11D0-8D11-00A0C91BC942}") = "ipcobject", "ipcobject\ipcobject.vcproj", "{D7C36CC4-0AFC-345A-9D5E-FA92A01E9946}"
EndProject
Project("{8BC9CEB8-8B4A-11D0-8D11-00A0C91BC942}") = "sinstar3_proxy", "sinstar3_proxy\sinstar3_proxy.vcproj", "{72550488-BEC8-46F2-8F31-6C4D3DF1A749}"
	ProjectSection(ProjectDependencies) = postProject
		{D7C36CC4-0AFC-345A-9D5E-FA92A01E9946} = {D7C36CC4-0AFC-345A-9D5E-FA92A01E9946}
	EndProjectSection
EndProject
Project("{8BC9CEB8-8B4A-11D0-8D11-00A0C91BC942}") = "iscore", "iscore\iscore.vcproj", "{2CBFA93E-21BF-49C1-8583-A8DE1319DED9}"
EndProject
Global
	GlobalSection(SolutionConfigurationPlatforms) = preSolution
		Debug|Mixed Platforms = Debug|Mixed Platforms
		Debug|Win32 = Debug|Win32
		Debug|x64 = Debug|x64
		Release|Mixed Platforms = Release|Mixed Platforms
		Release|Win32 = Release|Win32
		Release|x64 = Release|x64
	EndGlobalSection
	GlobalSection(ProjectConfigurationPlatforms) = postSolution
		{9CD9D0D2-9A72-4EBB-A459-8229E224B02C}.Debug|Mixed Platforms.ActiveCfg = Debug|x64
		{9CD9D0D2-9A72-4EBB-A459-8229E224B02C}.Debug|Mixed Platforms.Build.0 = Debug|x64
		{9CD9D0D2-9A72-4EBB-A459-8229E224B02C}.Debug|Win32.ActiveCfg = Debug|Win32
		{9CD9D0D2-9A72-4EBB-A459-8229E224B02C}.Debug|Win32.Build.0 = Debug|Win32
		{9CD9D0D2-9A72-4EBB-A459-8229E224B02C}.Debug|x64.ActiveCfg = Debug|x64
		{9CD9D0D2-9A72-4EBB-A459-8229E224B02C}.Debug|x64.Build.0 = Debug|x64
		{9CD9D0D2-9A72-4EBB-A459-8229E224B02C}.Release|Mixed Platforms.ActiveCfg = Release|x64
		{9CD9D0D2-9A72-4EBB-A459-8229E224B02C}.Release|Mixed Platforms.Build.0 = Release|x64
		{9CD9D0D2-9A72-4EBB-A459-8229E224B02C}.Release|Win32.ActiveCfg = Release|Win32
		{9CD9D0D2-9A72-4EBB-A459-8229E224B02C}.Release|Win32.Build.0 = Release|Win32
		{9CD9D0D2-9A72-4EBB-A459-8229E224B02C}.Release|x64.ActiveCfg = Release|x64
		{9CD9D0D2-9A72-4EBB-A459-8229E224B02C}.Release|x64.Build.0 = Release|x64
		{4893E464-3664-442B-8BFB-6D13679EAB23}.Debug|Mixed Platforms.ActiveCfg = Debug|x64
		{4893E464-3664-442B-8BFB-6D13679EAB23}.Debug|Mixed Platforms.Build.0 = Debug|x64
		{4893E464-3664-442B-8BFB-6D13679EAB23}.Debug|Win32.ActiveCfg = Debug|Win32
		{4893E464-3664-442B-8BFB-6D13679EAB23}.Debug|Win32.Build.0 = Debug|Win32
		{4893E464-3664-442B-8BFB-6D13679EAB23}.Debug|x64.ActiveCfg = Debug|x64
		{4893E464-3664-442B-8BFB-6D13679EAB23}.Debug|x64.Build.0 = Debug|x64
		{4893E464-3664-442B-8BFB-6D13679EAB23}.Release|Mixed Platforms.ActiveCfg = Release|x64
		{4893E464-3664-442B-8BFB-6D13679EAB23}.Release|Mixed Platforms.Build.0 = Release|x64
		{4893E464-3664-442B-8BFB-6D13679EAB23}.Release|Win32.ActiveCfg = Release|Win32
		{4893E464-3664-442B-8BFB-6D13679EAB23}.Release|Win32.Build.0 = Release|Win32
		{4893E464-3664-442B-8BFB-6D13679EAB23}.Release|x64.ActiveCfg = Release|x64
		{4893E464-3664-442B-8BFB-6D13679EAB23}.Release|x64.Build.0 = Release|x64
		{864AB83B-8697-4D7A-A956-269609D9D1CC}.Debug|Mixed Platforms.ActiveCfg = Debug|Win32
		{864AB83B-8697-4D7A-A956-269609D9D1CC}.Debug|Mixed Platforms.Build.0 = Debug|Win32
		{864AB83B-8697-4D7A-A956-269609D9D1CC}.Debug|Win32.ActiveCfg = Debug|Win32
		{864AB83B-8697-4D7A-A956-269609D9D1CC}.Debug|Win32.Build.0 = Debug|Win32
		{864AB83B-8697-4D7A-A956-269609D9D1CC}.Debug|x64.ActiveCfg = Debug|Win32
		{864AB83B-8697-4D7A-A956-269609D9D1CC}.Release|Mixed Platforms.ActiveCfg = Release|Win32
		{864AB83B-8697-4D7A-A956-269609D9D1CC}.Release|Mixed Platforms.Build.0 = Release|Win32
		{864AB83B-8697-4D7A-A956-269609D9D1CC}.Release|Win32.ActiveCfg = Release|Win32
		{864AB83B-8697-4D7A-A956-269609D9D1CC}.Release|Win32.Build.0 = Release|Win32
		{864AB83B-8697-4D7A-A956-269609D9D1CC}.Release|x64.ActiveCfg = Release|Win32
		{223D1DB1-C67B-4B54-BEE8-B60F24D7E8CE}.Debug|Mixed Platforms.ActiveCfg = Debug|x64
		{223D1DB1-C67B-4B54-BEE8-B60F24D7E8CE}.Debug|Mixed Platforms.Build.0 = Debug|x64
		{223D1DB1-C67B-4B54-BEE8-B60F24D7E8CE}.Debug|Win32.ActiveCfg = Debug|Win32
		{223D1DB1-C67B-4B54-BEE8-B60F24D7E8CE}.Debug|Win32.Build.0 = Debug|Win32
		{223D1DB1-C67B-4B54-BEE8-B60F24D7E8CE}.Debug|x64.ActiveCfg = Debug|x64
		{223D1DB1-C67B-4B54-BEE8-B60F24D7E8CE}.Debug|x64.Build.0 = Debug|x64
		{223D1DB1-C67B-4B54-BEE8-B60F24D7E8CE}.Release|Mixed Platforms.ActiveCfg = Release|x64
		{223D1DB1-C67B-4B54-BEE8-B60F24D7E8CE}.Release|Mixed Platforms.Build.0 = Release|x64
		{223D1DB1-C67B-4B54-BEE8-B60F24D7E8CE}.Release|Win32.ActiveCfg = Release|Win32
		{223D1DB1-C67B-4B54-BEE8-B60F24D7E8CE}.Release|Win32.Build.0 = Release|Win32
		{223D1DB1-C67B-4B54-BEE8-B60F24D7E8CE}.Release|x64.ActiveCfg = Release|x64
		{223D1DB1-C67B-4B54-BEE8-B60F24D7E8CE}.Release|x64.Build.0 = Release|x64
		{A69CA2FD-05D2-4C27-B106-B2EF0BFCFA51}.Debug|Mixed Platforms.ActiveCfg = Debug|Win32
		{A69CA2FD-05D2-4C27-B106-B2EF0BFCFA51}.Debug|Mixed Platforms.Build.0 = Debug|Win32
		{A69CA2FD-05D2-4C27-B106-B2EF0BFCFA51}.Debug|Win32.ActiveCfg = Debug|Win32
		{A69CA2FD-05D2-4C27-B106-B2EF0BFCFA51}.Debug|Win32.Build.0 = Debug|Win32
		{A69CA2FD-05D2-4C27-B106-B2EF0BFCFA51}.Debug|x64.ActiveCfg = Debug|x64
		{A69CA2FD-05D2-4C27-B106-B2EF0BFCFA51}.Debug|x64.Build.0 = Debug|x64
		{A69CA2FD-05D2-4C27-B106-B2EF0BFCFA51}.Release|Mixed Platforms.ActiveCfg = Release|Win32
		{A69CA2FD-05D2-4C27-B106-B2EF0BFCFA51}.Release|Mixed Platforms.Build.0 = Release|Win32
		{A69CA2FD-05D2-4C27-B106-B2EF0BFCFA51}.Release|Win32.ActiveCfg = Release|Win32
		{A69CA2FD-05D2-4C27-B106-B2EF0BFCFA51}.Release|Win32.Build.0 = Release|Win32
		{A69CA2FD-05D2-4C27-B106-B2EF0BFCFA51}.Release|x64.ActiveCfg = Release|x64
		{A69CA2FD-05D2-4C27-B106-B2EF0BFCFA51}.Release|x64.Build.0 = Release|x64
		{13C135A7-8B18-4746-8495-672D8F286B92}.Debug|Mixed Platforms.ActiveCfg = Debug|Win32
		{13C135A7-8B18-4746-8495-672D8F286B92}.Debug|Mixed Platforms.Build.0 = Debug|Win32
		{13C135A7-8B18-4746-8495-672D8F286B92}.Debug|Win32.ActiveCfg = Debug|Win32
		{13C135A7-8B18-4746-8495-672D8F286B92}.Debug|Win32.Build.0 = Debug|Win32
		{13C135A7-8B18-4746-8495-672D8F286B92}.Debug|x64.ActiveCfg = Debug|Win32
		{13C135A7-8B18-4746-8495-672D8F286B92}.Release|Mixed Platforms.ActiveCfg = Release|Win32
		{13C135A7-8B18-4746-8495-672D8F286B92}.Release|Mixed Platforms.Build.0 = Release|Win32
		{13C135A7-8B18-4746-8495-672D8F286B92}.Release|Win32.ActiveCfg = Release|Win32
		{13C135A7-8B18-4746-8495-672D8F286B92}.Release|Win32.Build.0 = Release|Win32
		{13C135A7-8B18-4746-8495-672D8F286B92}.Release|x64.ActiveCfg = Release|Win32
		{57D17CAC-20CB-4F1A-8408-BB0181AF1695}.Debug|Mixed Platforms.ActiveCfg = Debug|Win32
		{57D17CAC-20CB-4F1A-8408-BB0181AF1695}.Debug|Mixed Platforms.Build.0 = Debug|Win32
		{57D17CAC-20CB-4F1A-8408-BB0181AF1695}.Debug|Win32.ActiveCfg = Debug|Win32
		{57D17CAC-20CB-4F1A-8408-BB0181AF1695}.Debug|Win32.Build.0 = Debug|Win32
		{57D17CAC-20CB-4F1A-8408-BB0181AF1695}.Debug|x64.ActiveCfg = Debug|x64
		{57D17CAC-20CB-4F1A-8408-BB0181AF1695}.Debug|x64.Build.0 = Debug|x64
		{57D17CAC-20CB-4F1A-8408-BB0181AF1695}.Release|Mixed Platforms.ActiveCfg = Release|Win32
		{57D17CAC-20CB-4F1A-8408-BB0181AF1695}.Release|Mixed Platforms.Build.0 = Release|Win32
		{57D17CAC-20CB-4F1A-8408-BB0181AF1695}.Release|Win32.ActiveCfg = Release|Win32
		{57D17CAC-20CB-4F1A-8408-BB0181AF1695}.Release|Win32.Build.0 = Release|Win32
		{57D17CAC-20CB-4F1A-8408-BB0181AF1695}.Release|x64.ActiveCfg = Release|x64
		{57D17CAC-20CB-4F1A-8408-BB0181AF1695}.Release|x64.Build.0 = Release|x64
		{49C492B3-B2D6-4048-BFB1-AB89D334C42E}.Debug|Mixed Platforms.ActiveCfg = Debug|Win32
		{49C492B3-B2D6-4048-BFB1-AB89D334C42E}.Debug|Mixed Platforms.Build.0 = Debug|Win32
		{49C492B3-B2D6-4048-BFB1-AB89D334C42E}.Debug|Win32.ActiveCfg = Debug|Win32
		{49C492B3-B2D6-4048-BFB1-AB89D334C42E}.Debug|Win32.Build.0 = Debug|Win32
		{49C492B3-B2D6-4048-BFB1-AB89D334C42E}.Debug|x64.ActiveCfg = Debug|Win32
		{49C492B3-B2D6-4048-BFB1-AB89D334C42E}.Release|Mixed Platforms.ActiveCfg = Release|Win32
		{49C492B3-B2D6-4048-BFB1-AB89D334C42E}.Release|Mixed Platforms.Build.0 = Release|Win32
		{49C492B3-B2D6-4048-BFB1-AB89D334C42E}.Release|Win32.ActiveCfg = Release|Win32
		{49C492B3-B2D6-4048-BFB1-AB89D334C42E}.Release|Win32.Build.0 = Release|Win32
		{49C492B3-B2D6-4048-BFB1-AB89D334C42E}.Release|x64.ActiveCfg = Release|Win32
		{C63875CC-075E-49A9-8D9C-2F263D67FBAA}.Debug|Mixed Platforms.ActiveCfg = Debug|Win32
		{C63875CC-075E-49A9-8D9C-2F263D67FBAA}.Debug|Mixed Platforms.Build.0 = Debug|Win32
		{C63875CC-075E-49A9-8D9C-2F263D67FBAA}.Debug|Win32.ActiveCfg = Debug|Win32
		{C63875CC-075E-49A9-8D9C-2F263D67FBAA}.Debug|Win32.Build.0 = Debug|Win32
		{C63875CC-075E-49A9-8D9C-2F263D67FBAA}.Debug|x64.ActiveCfg = Debug|Win32
		{C63875CC-075E-49A9-8D9C-2F263D67FBAA}.Release|Mixed Platforms.ActiveCfg = Release|Win32
		{C63875CC-075E-49A9-8D9C-2F263D67FBAA}.Release|Mixed Platforms.Build.0 = Release|Win32
		{C63875CC-075E-49A9-8D9C-2F263D67FBAA}.Release|Win32.ActiveCfg = Release|Win32
		{C63875CC-075E-49A9-8D9C-2F263D67FBAA}.Release|Win32.Build.0 = Release|Win32
		{C63875CC-075E-49A9-8D9C-2F263D67FBAA}.Release|x64.ActiveCfg = Release|Win32
		{D7C36CC4-0AFC-345A-9D5E-FA92A01E9946}.Debug|Mixed Platforms.ActiveCfg = Debug|Win32
		{D7C36CC4-0AFC-345A-9D5E-FA92A01E9946}.Debug|Mixed Platforms.Build.0 = Debug|Win32
		{D7C36CC4-0AFC-345A-9D5E-FA92A01E9946}.Debug|Win32.ActiveCfg = Debug|Win32
		{D7C36CC4-0AFC-345A-9D5E-FA92A01E9946}.Debug|Win32.Build.0 = Debug|Win32
		{D7C36CC4-0AFC-345A-9D5E-FA92A01E9946}.Debug|x64.ActiveCfg = Debug|x64
		{D7C36CC4-0AFC-345A-9D5E-FA92A01E9946}.Debug|x64.Build.0 = Debug|x64
		{D7C36CC4-0AFC-345A-9D5E-FA92A01E9946}.Release|Mixed Platforms.ActiveCfg = Release|Win32
		{D7C36CC4-0AFC-345A-9D5E-FA92A01E9946}.Release|Mixed Platforms.Build.0 = Release|Win32
		{D7C36CC4-0AFC-345A-9D5E-FA92A01E9946}.Release|Win32.ActiveCfg = Release|Win32
		{D7C36CC4-0AFC-345A-9D5E-FA92A01E9946}.Release|Win32.Build.0 = Release|Win32
		{D7C36CC4-0AFC-345A-9D5E-FA92A01E9946}.Release|x64.ActiveCfg = Release|x64
		{D7C36CC4-0AFC-345A-9D5E-FA92A01E9946}.Release|x64.Build.0 = Release|x64
		{72550488-BEC8-46F2-8F31-6C4D3DF1A749}.Debug|Mixed Platforms.ActiveCfg = Debug|x64
		{72550488-BEC8-46F2-8F31-6C4D3DF1A749}.Debug|Mixed Platforms.Build.0 = Debug|x64
		{72550488-BEC8-46F2-8F31-6C4D3DF1A749}.Debug|Win32.ActiveCfg = Debug|Win32
		{72550488-BEC8-46F2-8F31-6C4D3DF1A749}.Debug|Win32.Build.0 = Debug|Win32
		{72550488-BEC8-46F2-8F31-6C4D3DF1A749}.Debug|x64.ActiveCfg = Debug|x64
		{72550488-BEC8-46F2-8F31-6C4D3DF1A749}.Debug|x64.Build.0 = Debug|x64
		{72550488-BEC8-46F2-8F31-6C4D3DF1A749}.Release|Mixed Platforms.ActiveCfg = Release|x64
		{72550488-BEC8-46F2-8F31-6C4D3DF1A749}.Release|Mixed Platforms.Build.0 = Release|x64
		{72550488-BEC8-46F2-8F31-6C4D3DF1A749}.Release|Win32.ActiveCfg = Release|Win32
		{72550488-BEC8-46F2-8F31-6C4D3DF1A749}.Release|Win32.Build.0 = Release|Win32
		{72550488-BEC8-46F2-8F31-6C4D3DF1A749}.Release|x64.ActiveCfg = Release|x64
		{72550488-BEC8-46F2-8F31-6C4D3DF1A749}.Release|x64.Build.0 = Release|x64
		{2CBFA93E-21BF-49C1-8583-A8DE1319DED9}.Debug|Mixed Platforms.ActiveCfg = Debug|Win32
		{2CBFA93E-21BF-49C1-8583-A8DE1319DED9}.Debug|Mixed Platforms.Build.0 = Debug|Win32
		{2CBFA93E-21BF-49C1-8583-A8DE1319DED9}.Debug|Win32.ActiveCfg = Debug|Win32
		{2CBFA93E-21BF-49C1-8583-A8DE1319DED9}.Debug|Win32.Build.0 = Debug|Win32
		{2CBFA93E-21BF-49C1-8583-A8DE1319DED9}.Debug|x64.ActiveCfg = Debug|Win32
		{2CBFA93E-21BF-49C1-8583-A8DE1319DED9}.Release|Mixed Platforms.ActiveCfg = Release|Win32
		{2CBFA93E-21BF-49C1-8583-A8DE1319DED9}.Release|Mixed Platforms.Build.0 = Release|Win32
		{2CBFA93E-21BF-49C1-8583-A8DE1319DED9}.Release|Win32.ActiveCfg = Release|Win32
		{2CBFA93E-21BF-49C1-8583-A8DE1319DED9}.Release|Win32.Build.0 = Release|Win32
		{2CBFA93E-21BF-49C1-8583-A8DE1319DED9}.Release|x64.ActiveCfg = Release|Win32
	EndGlobalSection
	GlobalSection(SolutionProperties) = preSolution
		HideSolutionNode = FALSE
	EndGlobalSection
EndGlobal
