
Microsoft Visual Studio Solution File, Format Version 12.00
# Visual Studio 14
VisualStudioVersion = 14.0.25420.1
MinimumVisualStudioVersion = 10.0.40219.1
Project("{8BC9CEB8-8B4A-11D0-8D11-00A0C91BC942}") = "sinstar3_ime", "sinstar3_ime\sinstar3_ime.vcxproj", "{9CD9D0D2-9A72-4EBB-A459-8229E224B02C}"
EndProject
Project("{8BC9CEB8-8B4A-11D0-8D11-00A0C91BC942}") = "register", "register\register.vcxproj", "{807B0B5E-7B2E-4E34-8C52-732CF82DB427}"
EndProject
Project("{8BC9CEB8-8B4A-11D0-8D11-00A0C91BC942}") = "FindCallerUI", "FindCallerUI\FindCallerUI.vcxproj", "{DE3C8056-FDDD-4652-AE3A-62EB59D0937C}"
EndProject
Project("{8BC9CEB8-8B4A-11D0-8D11-00A0C91BC942}") = "FindCaller", "FindCaller\FindCaller.vcxproj", "{9135B32A-7844-46DB-952A-4DA2A5A615FA}"
EndProject
Project("{8BC9CEB8-8B4A-11D0-8D11-00A0C91BC942}") = "skins", "skins\skins.vcxproj", "{6599850C-B790-4D51-8EA4-42A6623EC13A}"
EndProject
Project("{8BC9CEB8-8B4A-11D0-8D11-00A0C91BC942}") = "iscomm", "iscomm\iscomm.vcxproj", "{016B6ACF-5766-4D73-8A9C-280998E814CC}"
EndProject
Project("{8BC9CEB8-8B4A-11D0-8D11-00A0C91BC942}") = "helper", "helper\helper.vcxproj", "{223D1DB1-C67B-4B54-BEE8-B60F24D7E8CE}"
EndProject
Project("{8BC9CEB8-8B4A-11D0-8D11-00A0C91BC942}") = "isserver3", "isserver3\isserver3.vcxproj", "{72EB3283-11E0-4274-8D6C-27E413F23CA4}"
EndProject
Project("{8BC9CEB8-8B4A-11D0-8D11-00A0C91BC942}") = "iscore", "iscore\iscore.vcxproj", "{2CBFA93E-21BF-49C1-8583-A8DE1319DED9}"
EndProject
Project("{8BC9CEB8-8B4A-11D0-8D11-00A0C91BC942}") = "CompBuilder", "CompBuilder\CompBuilder.vcxproj", "{AA60B9CF-C5FA-4A37-BB0E-F7AE325268A2}"
EndProject
Project("{8BC9CEB8-8B4A-11D0-8D11-00A0C91BC942}") = "sinstar3_tsf", "sinstar3_tsf\sinstar3_tsf.vcxproj", "{4893E464-3664-442B-8BFB-6D13679EAB23}"
EndProject
Project("{8BC9CEB8-8B4A-11D0-8D11-00A0C91BC942}") = "ipcobject", "ipcobject\ipcobject.vcxproj", "{EC5EB644-E950-3BA5-951D-044B93329902}"
EndProject
Project("{8BC9CEB8-8B4A-11D0-8D11-00A0C91BC942}") = "sinstar3_proxy", "sinstar3_proxy\sinstar3_proxy.vcxproj", "{0E317C0A-C7DA-423E-A88F-1F5351805772}"
EndProject
Global
	GlobalSection(SolutionConfigurationPlatforms) = preSolution
		Debug|Mixed Platforms = Debug|Mixed Platforms
		Debug|Win32 = Debug|Win32
		Debug|x64 = Debug|x64
		Release|Mixed Platforms = Release|Mixed Platforms
		Release|Win32 = Release|Win32
		Release|x64 = Release|x64
	EndGlobalSection
	GlobalSection(ProjectConfigurationPlatforms) = postSolution
		{9CD9D0D2-9A72-4EBB-A459-8229E224B02C}.Debug|Mixed Platforms.ActiveCfg = Debug|x64
		{9CD9D0D2-9A72-4EBB-A459-8229E224B02C}.Debug|Mixed Platforms.Build.0 = Debug|x64
		{9CD9D0D2-9A72-4EBB-A459-8229E224B02C}.Debug|Win32.ActiveCfg = Debug|Win32
		{9CD9D0D2-9A72-4EBB-A459-8229E224B02C}.Debug|Win32.Build.0 = Debug|Win32
		{9CD9D0D2-9A72-4EBB-A459-8229E224B02C}.Debug|x64.ActiveCfg = Debug|x64
		{9CD9D0D2-9A72-4EBB-A459-8229E224B02C}.Debug|x64.Build.0 = Debug|x64
		{9CD9D0D2-9A72-4EBB-A459-8229E224B02C}.Release|Mixed Platforms.ActiveCfg = Release|x64
		{9CD9D0D2-9A72-4EBB-A459-8229E224B02C}.Release|Mixed Platforms.Build.0 = Release|x64
		{9CD9D0D2-9A72-4EBB-A459-8229E224B02C}.Release|Win32.ActiveCfg = Release|Win32
		{9CD9D0D2-9A72-4EBB-A459-8229E224B02C}.Release|Win32.Build.0 = Release|Win32
		{9CD9D0D2-9A72-4EBB-A459-8229E224B02C}.Release|x64.ActiveCfg = Release|x64
		{9CD9D0D2-9A72-4EBB-A459-8229E224B02C}.Release|x64.Build.0 = Release|x64
		{807B0B5E-7B2E-4E34-8C52-732CF82DB427}.Debug|Mixed Platforms.ActiveCfg = Debug|Win32
		{807B0B5E-7B2E-4E34-8C52-732CF82DB427}.Debug|Mixed Platforms.Build.0 = Debug|Win32
		{807B0B5E-7B2E-4E34-8C52-732CF82DB427}.Debug|Win32.ActiveCfg = Debug|Win32
		{807B0B5E-7B2E-4E34-8C52-732CF82DB427}.Debug|Win32.Build.0 = Debug|Win32
		{807B0B5E-7B2E-4E34-8C52-732CF82DB427}.Debug|x64.ActiveCfg = Debug|Win32
		{807B0B5E-7B2E-4E34-8C52-732CF82DB427}.Release|Mixed Platforms.ActiveCfg = Release|Win32
		{807B0B5E-7B2E-4E34-8C52-732CF82DB427}.Release|Mixed Platforms.Build.0 = Release|Win32
		{807B0B5E-7B2E-4E34-8C52-732CF82DB427}.Release|Win32.ActiveCfg = Release|Win32
		{807B0B5E-7B2E-4E34-8C52-732CF82DB427}.Release|Win32.Build.0 = Release|Win32
		{807B0B5E-7B2E-4E34-8C52-732CF82DB427}.Release|x64.ActiveCfg = Release|Win32
		{DE3C8056-FDDD-4652-AE3A-62EB59D0937C}.Debug|Mixed Platforms.ActiveCfg = Debug|Win32
		{DE3C8056-FDDD-4652-AE3A-62EB59D0937C}.Debug|Mixed Platforms.Build.0 = Debug|Win32
		{DE3C8056-FDDD-4652-AE3A-62EB59D0937C}.Debug|Win32.ActiveCfg = Debug|Win32
		{DE3C8056-FDDD-4652-AE3A-62EB59D0937C}.Debug|Win32.Build.0 = Debug|Win32
		{DE3C8056-FDDD-4652-AE3A-62EB59D0937C}.Debug|x64.ActiveCfg = Debug|Win32
		{DE3C8056-FDDD-4652-AE3A-62EB59D0937C}.Release|Mixed Platforms.ActiveCfg = Release|Win32
		{DE3C8056-FDDD-4652-AE3A-62EB59D0937C}.Release|Mixed Platforms.Build.0 = Release|Win32
		{DE3C8056-FDDD-4652-AE3A-62EB59D0937C}.Release|Win32.ActiveCfg = Release|Win32
		{DE3C8056-FDDD-4652-AE3A-62EB59D0937C}.Release|Win32.Build.0 = Release|Win32
		{DE3C8056-FDDD-4652-AE3A-62EB59D0937C}.Release|x64.ActiveCfg = Release|Win32
		{9135B32A-7844-46DB-952A-4DA2A5A615FA}.Debug|Mixed Platforms.ActiveCfg = Debug|Win32
		{9135B32A-7844-46DB-952A-4DA2A5A615FA}.Debug|Mixed Platforms.Build.0 = Debug|Win32
		{9135B32A-7844-46DB-952A-4DA2A5A615FA}.Debug|Win32.ActiveCfg = Debug|Win32
		{9135B32A-7844-46DB-952A-4DA2A5A615FA}.Debug|Win32.Build.0 = Debug|Win32
		{9135B32A-7844-46DB-952A-4DA2A5A615FA}.Debug|x64.ActiveCfg = Debug|x64
		{9135B32A-7844-46DB-952A-4DA2A5A615FA}.Debug|x64.Build.0 = Debug|x64
		{9135B32A-7844-46DB-952A-4DA2A5A615FA}.Release|Mixed Platforms.ActiveCfg = Release|Win32
		{9135B32A-7844-46DB-952A-4DA2A5A615FA}.Release|Mixed Platforms.Build.0 = Release|Win32
		{9135B32A-7844-46DB-952A-4DA2A5A615FA}.Release|Win32.ActiveCfg = Release|Win32
		{9135B32A-7844-46DB-952A-4DA2A5A615FA}.Release|Win32.Build.0 = Release|Win32
		{9135B32A-7844-46DB-952A-4DA2A5A615FA}.Release|x64.ActiveCfg = Release|x64
		{9135B32A-7844-46DB-952A-4DA2A5A615FA}.Release|x64.Build.0 = Release|x64
		{6599850C-B790-4D51-8EA4-42A6623EC13A}.Debug|Mixed Platforms.ActiveCfg = Debug|Win32
		{6599850C-B790-4D51-8EA4-42A6623EC13A}.Debug|Mixed Platforms.Build.0 = Debug|Win32
		{6599850C-B790-4D51-8EA4-42A6623EC13A}.Debug|Win32.ActiveCfg = Debug|Win32
		{6599850C-B790-4D51-8EA4-42A6623EC13A}.Debug|Win32.Build.0 = Debug|Win32
		{6599850C-B790-4D51-8EA4-42A6623EC13A}.Debug|x64.ActiveCfg = Debug|x64
		{6599850C-B790-4D51-8EA4-42A6623EC13A}.Debug|x64.Build.0 = Debug|x64
		{6599850C-B790-4D51-8EA4-42A6623EC13A}.Release|Mixed Platforms.ActiveCfg = Release|Win32
		{6599850C-B790-4D51-8EA4-42A6623EC13A}.Release|Mixed Platforms.Build.0 = Release|Win32
		{6599850C-B790-4D51-8EA4-42A6623EC13A}.Release|Win32.ActiveCfg = Release|Win32
		{6599850C-B790-4D51-8EA4-42A6623EC13A}.Release|Win32.Build.0 = Release|Win32
		{6599850C-B790-4D51-8EA4-42A6623EC13A}.Release|x64.ActiveCfg = Release|x64
		{6599850C-B790-4D51-8EA4-42A6623EC13A}.Release|x64.Build.0 = Release|x64
		{016B6ACF-5766-4D73-8A9C-280998E814CC}.Debug|Mixed Platforms.ActiveCfg = Debug|Win32
		{016B6ACF-5766-4D73-8A9C-280998E814CC}.Debug|Mixed Platforms.Build.0 = Debug|Win32
		{016B6ACF-5766-4D73-8A9C-280998E814CC}.Debug|Win32.ActiveCfg = Debug|Win32
		{016B6ACF-5766-4D73-8A9C-280998E814CC}.Debug|Win32.Build.0 = Debug|Win32
		{016B6ACF-5766-4D73-8A9C-280998E814CC}.Debug|x64.ActiveCfg = Debug|x64
		{016B6ACF-5766-4D73-8A9C-280998E814CC}.Debug|x64.Build.0 = Debug|x64
		{016B6ACF-5766-4D73-8A9C-280998E814CC}.Release|Mixed Platforms.ActiveCfg = Release|Win32
		{016B6ACF-5766-4D73-8A9C-280998E814CC}.Release|Mixed Platforms.Build.0 = Release|Win32
		{016B6ACF-5766-4D73-8A9C-280998E814CC}.Release|Win32.ActiveCfg = Release|Win32
		{016B6ACF-5766-4D73-8A9C-280998E814CC}.Release|Win32.Build.0 = Release|Win32
		{016B6ACF-5766-4D73-8A9C-280998E814CC}.Release|x64.ActiveCfg = Release|x64
		{016B6ACF-5766-4D73-8A9C-280998E814CC}.Release|x64.Build.0 = Release|x64
		{223D1DB1-C67B-4B54-BEE8-B60F24D7E8CE}.Debug|Mixed Platforms.ActiveCfg = Debug|Win32
		{223D1DB1-C67B-4B54-BEE8-B60F24D7E8CE}.Debug|Mixed Platforms.Build.0 = Debug|Win32
		{223D1DB1-C67B-4B54-BEE8-B60F24D7E8CE}.Debug|Win32.ActiveCfg = Debug|Win32
		{223D1DB1-C67B-4B54-BEE8-B60F24D7E8CE}.Debug|Win32.Build.0 = Debug|Win32
		{223D1DB1-C67B-4B54-BEE8-B60F24D7E8CE}.Debug|x64.ActiveCfg = Debug|x64
		{223D1DB1-C67B-4B54-BEE8-B60F24D7E8CE}.Debug|x64.Build.0 = Debug|x64
		{223D1DB1-C67B-4B54-BEE8-B60F24D7E8CE}.Release|Mixed Platforms.ActiveCfg = Release|Win32
		{223D1DB1-C67B-4B54-BEE8-B60F24D7E8CE}.Release|Mixed Platforms.Build.0 = Release|Win32
		{223D1DB1-C67B-4B54-BEE8-B60F24D7E8CE}.Release|Win32.ActiveCfg = Release|Win32
		{223D1DB1-C67B-4B54-BEE8-B60F24D7E8CE}.Release|Win32.Build.0 = Release|Win32
		{223D1DB1-C67B-4B54-BEE8-B60F24D7E8CE}.Release|x64.ActiveCfg = Release|x64
		{72EB3283-11E0-4274-8D6C-27E413F23CA4}.Debug|Mixed Platforms.ActiveCfg = Debug|Win32
		{72EB3283-11E0-4274-8D6C-27E413F23CA4}.Debug|Mixed Platforms.Build.0 = Debug|Win32
		{72EB3283-11E0-4274-8D6C-27E413F23CA4}.Debug|Win32.ActiveCfg = Debug|Win32
		{72EB3283-11E0-4274-8D6C-27E413F23CA4}.Debug|Win32.Build.0 = Debug|Win32
		{72EB3283-11E0-4274-8D6C-27E413F23CA4}.Debug|x64.ActiveCfg = Debug|Win32
		{72EB3283-11E0-4274-8D6C-27E413F23CA4}.Release|Mixed Platforms.ActiveCfg = Release|Win32
		{72EB3283-11E0-4274-8D6C-27E413F23CA4}.Release|Mixed Platforms.Build.0 = Release|Win32
		{72EB3283-11E0-4274-8D6C-27E413F23CA4}.Release|Win32.ActiveCfg = Release|Win32
		{72EB3283-11E0-4274-8D6C-27E413F23CA4}.Release|Win32.Build.0 = Release|Win32
		{72EB3283-11E0-4274-8D6C-27E413F23CA4}.Release|x64.ActiveCfg = Release|Win32
		{72EB3283-11E0-4274-8D6C-27E413F23CA4}.Release|x64.Build.0 = Release|Win32
		{2CBFA93E-21BF-49C1-8583-A8DE1319DED9}.Debug|Mixed Platforms.ActiveCfg = Debug|Win32
		{2CBFA93E-21BF-49C1-8583-A8DE1319DED9}.Debug|Mixed Platforms.Build.0 = Debug|Win32
		{2CBFA93E-21BF-49C1-8583-A8DE1319DED9}.Debug|Win32.ActiveCfg = Debug|Win32
		{2CBFA93E-21BF-49C1-8583-A8DE1319DED9}.Debug|Win32.Build.0 = Debug|Win32
		{2CBFA93E-21BF-49C1-8583-A8DE1319DED9}.Debug|x64.ActiveCfg = Debug|Win32
		{2CBFA93E-21BF-49C1-8583-A8DE1319DED9}.Release|Mixed Platforms.ActiveCfg = Release|Win32
		{2CBFA93E-21BF-49C1-8583-A8DE1319DED9}.Release|Mixed Platforms.Build.0 = Release|Win32
		{2CBFA93E-21BF-49C1-8583-A8DE1319DED9}.Release|Win32.ActiveCfg = Release|Win32
		{2CBFA93E-21BF-49C1-8583-A8DE1319DED9}.Release|Win32.Build.0 = Release|Win32
		{2CBFA93E-21BF-49C1-8583-A8DE1319DED9}.Release|x64.ActiveCfg = Release|Win32
		{AA60B9CF-C5FA-4A37-BB0E-F7AE325268A2}.Debug|Mixed Platforms.ActiveCfg = Debug|Win32
		{AA60B9CF-C5FA-4A37-BB0E-F7AE325268A2}.Debug|Mixed Platforms.Build.0 = Debug|Win32
		{AA60B9CF-C5FA-4A37-BB0E-F7AE325268A2}.Debug|Win32.ActiveCfg = Debug|Win32
		{AA60B9CF-C5FA-4A37-BB0E-F7AE325268A2}.Debug|Win32.Build.0 = Debug|Win32
		{AA60B9CF-C5FA-4A37-BB0E-F7AE325268A2}.Debug|x64.ActiveCfg = Debug|Win32
		{AA60B9CF-C5FA-4A37-BB0E-F7AE325268A2}.Debug|x64.Build.0 = Debug|Win32
		{AA60B9CF-C5FA-4A37-BB0E-F7AE325268A2}.Release|Mixed Platforms.ActiveCfg = Release|Win32
		{AA60B9CF-C5FA-4A37-BB0E-F7AE325268A2}.Release|Mixed Platforms.Build.0 = Release|Win32
		{AA60B9CF-C5FA-4A37-BB0E-F7AE325268A2}.Release|Win32.ActiveCfg = Release|Win32
		{AA60B9CF-C5FA-4A37-BB0E-F7AE325268A2}.Release|Win32.Build.0 = Release|Win32
		{AA60B9CF-C5FA-4A37-BB0E-F7AE325268A2}.Release|x64.ActiveCfg = Release|Win32
		{4893E464-3664-442B-8BFB-6D13679EAB23}.Debug|Mixed Platforms.ActiveCfg = Debug|Win32
		{4893E464-3664-442B-8BFB-6D13679EAB23}.Debug|Mixed Platforms.Build.0 = Debug|Win32
		{4893E464-3664-442B-8BFB-6D13679EAB23}.Debug|Win32.ActiveCfg = Debug|Win32
		{4893E464-3664-442B-8BFB-6D13679EAB23}.Debug|Win32.Build.0 = Debug|Win32
		{4893E464-3664-442B-8BFB-6D13679EAB23}.Debug|x64.ActiveCfg = Debug|x64
		{4893E464-3664-442B-8BFB-6D13679EAB23}.Debug|x64.Build.0 = Debug|x64
		{4893E464-3664-442B-8BFB-6D13679EAB23}.Release|Mixed Platforms.ActiveCfg = Release|Win32
		{4893E464-3664-442B-8BFB-6D13679EAB23}.Release|Mixed Platforms.Build.0 = Release|Win32
		{4893E464-3664-442B-8BFB-6D13679EAB23}.Release|Win32.ActiveCfg = Release|Win32
		{4893E464-3664-442B-8BFB-6D13679EAB23}.Release|Win32.Build.0 = Release|Win32
		{4893E464-3664-442B-8BFB-6D13679EAB23}.Release|x64.ActiveCfg = Release|x64
		{4893E464-3664-442B-8BFB-6D13679EAB23}.Release|x64.Build.0 = Release|x64
		{EC5EB644-E950-3BA5-951D-044B93329902}.Debug|Mixed Platforms.ActiveCfg = Debug|Win32
		{EC5EB644-E950-3BA5-951D-044B93329902}.Debug|Mixed Platforms.Build.0 = Debug|Win32
		{EC5EB644-E950-3BA5-951D-044B93329902}.Debug|Win32.ActiveCfg = Debug|Win32
		{EC5EB644-E950-3BA5-951D-044B93329902}.Debug|Win32.Build.0 = Debug|Win32
		{EC5EB644-E950-3BA5-951D-044B93329902}.Debug|x64.ActiveCfg = Debug|x64
		{EC5EB644-E950-3BA5-951D-044B93329902}.Release|Mixed Platforms.ActiveCfg = Release|Win32
		{EC5EB644-E950-3BA5-951D-044B93329902}.Release|Mixed Platforms.Build.0 = Release|Win32
		{EC5EB644-E950-3BA5-951D-044B93329902}.Release|Win32.ActiveCfg = Release|Win32
		{EC5EB644-E950-3BA5-951D-044B93329902}.Release|Win32.Build.0 = Release|Win32
		{EC5EB644-E950-3BA5-951D-044B93329902}.Release|x64.ActiveCfg = Release|Win32
		{0E317C0A-C7DA-423E-A88F-1F5351805772}.Debug|Mixed Platforms.ActiveCfg = Debug|Win32
		{0E317C0A-C7DA-423E-A88F-1F5351805772}.Debug|Mixed Platforms.Build.0 = Debug|Win32
		{0E317C0A-C7DA-423E-A88F-1F5351805772}.Debug|Win32.ActiveCfg = Debug|Win32
		{0E317C0A-C7DA-423E-A88F-1F5351805772}.Debug|Win32.Build.0 = Debug|Win32
		{0E317C0A-C7DA-423E-A88F-1F5351805772}.Debug|x64.ActiveCfg = Debug|x64
		{0E317C0A-C7DA-423E-A88F-1F5351805772}.Debug|x64.Build.0 = Debug|x64
		{0E317C0A-C7DA-423E-A88F-1F5351805772}.Release|Mixed Platforms.ActiveCfg = Release|Win32
		{0E317C0A-C7DA-423E-A88F-1F5351805772}.Release|Mixed Platforms.Build.0 = Release|Win32
		{0E317C0A-C7DA-423E-A88F-1F5351805772}.Release|Win32.ActiveCfg = Release|Win32
		{0E317C0A-C7DA-423E-A88F-1F5351805772}.Release|Win32.Build.0 = Release|Win32
		{0E317C0A-C7DA-423E-A88F-1F5351805772}.Release|x64.ActiveCfg = Release|x64
		{0E317C0A-C7DA-423E-A88F-1F5351805772}.Release|x64.Build.0 = Release|x64
	EndGlobalSection
	GlobalSection(SolutionProperties) = preSolution
		HideSolutionNode = FALSE
	EndGlobalSection
	GlobalSection(ExtensibilityGlobals) = postSolution
		SolutionGuid = {85729839-574D-46E5-B786-0D3D6EA213C5}
	EndGlobalSection
EndGlobal
